// !$*UTF8*$!
{
	archiveVersion = 1;
	classes = {
	};
	objectVersion = 50;
	objects = {

/* Begin PBXBuildFile section */
		19BA2ED22073EB5900738D6F /* AppDelegate.swift in Sources */ = {isa = PBXBuildFile; fileRef = 19BA2ED12073EB5900738D6F /* AppDelegate.swift */; };
		19BA2ED42073EB5900738D6F /* ViewController.swift in Sources */ = {isa = PBXBuildFile; fileRef = 19BA2ED32073EB5900738D6F /* ViewController.swift */; };
		19BA2ED72073EB5900738D6F /* Main.storyboard in Resources */ = {isa = PBXBuildFile; fileRef = 19BA2ED52073EB5900738D6F /* Main.storyboard */; };
		19BA2ED92073EB5C00738D6F /* Assets.xcassets in Resources */ = {isa = PBXBuildFile; fileRef = 19BA2ED82073EB5C00738D6F /* Assets.xcassets */; };
		19BA2EDC2073EB5C00738D6F /* LaunchScreen.storyboard in Resources */ = {isa = PBXBuildFile; fileRef = 19BA2EDA2073EB5C00738D6F /* LaunchScreen.storyboard */; };
/* End PBXBuildFile section */

/* Begin PBXFileReference section */
		19BA2ECE2073EB5900738D6F /* test-stub-tableviewdynamic-inxib.app */ = {isa = PBXFileReference; explicitFileType = wrapper.application; includeInIndex = 0; path = "test-stub-tableviewdynamic-inxib.app"; sourceTree = BUILT_PRODUCTS_DIR; };
		19BA2ED12073EB5900738D6F /* AppDelegate.swift */ = {isa = PBXFileReference; lastKnownFileType = sourcecode.swift; path = AppDelegate.swift; sourceTree = "<group>"; };
		19BA2ED32073EB5900738D6F /* ViewController.swift */ = {isa = PBXFileReference; lastKnownFileType = sourcecode.swift; path = ViewController.swift; sourceTree = "<group>"; };
		19BA2ED62073EB5900738D6F /* Base */ = {isa = PBXFileReference; lastKnownFileType = file.storyboard; name = Base; path = Base.lproj/Main.storyboard; sourceTree = "<group>"; };
		19BA2ED82073EB5C00738D6F /* Assets.xcassets */ = {isa = PBXFileReference; lastKnownFileType = folder.assetcatalog; path = Assets.xcassets; sourceTree = "<group>"; };
		19BA2EDB2073EB5C00738D6F /* Base */ = {isa = PBXFileReference; lastKnownFileType = file.storyboard; name = Base; path = Base.lproj/LaunchScreen.storyboard; sourceTree = "<group>"; };
		19BA2EDD2073EB5C00738D6F /* Info.plist */ = {isa = PBXFileReference; lastKnownFileType = text.plist.xml; path = Info.plist; sourceTree = "<group>"; };
/* End PBXFileReference section */

/* Begin PBXFrameworksBuildPhase section */
		19BA2ECB2073EB5900738D6F /* Frameworks */ = {
			isa = PBXFrameworksBuildPhase;
			buildActionMask = 2147483647;
			files = (
			);
			runOnlyForDeploymentPostprocessing = 0;
		};
/* End PBXFrameworksBuildPhase section */

/* Begin PBXGroup section */
		19BA2EC52073EB5900738D6F = {
			isa = PBXGroup;
			children = (
				19BA2ED02073EB5900738D6F /* test-stub-tableviewdynamic-inxib */,
				19BA2ECF2073EB5900738D6F /* Products */,
			);
			sourceTree = "<group>";
		};
		19BA2ECF2073EB5900738D6F /* Products */ = {
			isa = PBXGroup;
			children = (
				19BA2ECE2073EB5900738D6F /* test-stub-tableviewdynamic-inxib.app */,
			);
			name = Products;
			sourceTree = "<group>";
		};
		19BA2ED02073EB5900738D6F /* test-stub-tableviewdynamic-inxib */ = {
			isa = PBXGroup;
			children = (
				19BA2ED12073EB5900738D6F /* AppDelegate.swift */,
				19BA2ED32073EB5900738D6F /* ViewController.swift */,
				19BA2ED52073EB5900738D6F /* Main.storyboard */,
				19BA2ED82073EB5C00738D6F /* Assets.xcassets */,
				19BA2EDA2073EB5C00738D6F /* LaunchScreen.storyboard */,
				19BA2EDD2073EB5C00738D6F /* Info.plist */,
			);
			path = "test-stub-tableviewdynamic-inxib";
			sourceTree = "<group>";
		};
/* End PBXGroup section */

/* Begin PBXNativeTarget section */
		19BA2ECD2073EB5900738D6F /* test-stub-tableviewdynamic-inxib */ = {
			isa = PBXNativeTarget;
			buildConfigurationList = 19BA2EE02073EB5C00738D6F /* Build configuration list for PBXNativeTarget "test-stub-tableviewdynamic-inxib" */;
			buildPhases = (
				19BA2ECA2073EB5900738D6F /* Sources */,
				19BA2ECB2073EB5900738D6F /* Frameworks */,
				19BA2ECC2073EB5900738D6F /* Resources */,
			);
			buildRules = (
			);
			dependencies = (
			);
			name = "test-stub-tableviewdynamic-inxib";
			productName = "test-stub-tableviewdynamic-inxib";
			productReference = 19BA2ECE2073EB5900738D6F /* test-stub-tableviewdynamic-inxib.app */;
			productType = "com.apple.product-type.application";
		};
/* End PBXNativeTarget section */

/* Begin PBXProject section */
		19BA2EC62073EB5900738D6F /* Project object */ = {
			isa = PBXProject;
			attributes = {
				LastSwiftUpdateCheck = 0930;
				LastUpgradeCheck = 0930;
				ORGANIZATIONNAME = "Your Org Name";
				TargetAttributes = {
					19BA2ECD2073EB5900738D6F = {
						CreatedOnToolsVersion = 9.3;
					};
				};
			};
			buildConfigurationList = 19BA2EC92073EB5900738D6F /* Build configuration list for PBXProject "test-stub-tableviewdynamic-inxib" */;
			compatibilityVersion = "Xcode 9.3";
			developmentRegion = en;
			hasScannedForEncodings = 0;
			knownRegions = (
				en,
				Base,
			);
			mainGroup = 19BA2EC52073EB5900738D6F;
			productRefGroup = 19BA2ECF2073EB5900738D6F /* Products */;
			projectDirPath = "";
			projectRoot = "";
			targets = (
				19BA2ECD2073EB5900738D6F /* test-stub-tableviewdynamic-inxib */,
			);
		};
/* End PBXProject section */

/* Begin PBXResourcesBuildPhase section */
		19BA2ECC2073EB5900738D6F /* Resources */ = {
			isa = PBXResourcesBuildPhase;
			buildActionMask = 2147483647;
			files = (
				19BA2EDC2073EB5C00738D6F /* LaunchScreen.storyboard in Resources */,
				19BA2ED92073EB5C00738D6F /* Assets.xcassets in Resources */,
				19BA2ED72073EB5900738D6F /* Main.storyboard in Resources */,
			);
			runOnlyForDeploymentPostprocessing = 0;
		};
/* End PBXResourcesBuildPhase section */

/* Begin PBXSourcesBuildPhase section */
		19BA2ECA2073EB5900738D6F /* Sources */ = {
			isa = PBXSourcesBuildPhase;
			buildActionMask = 2147483647;
			files = (
				19BA2ED42073EB5900738D6F /* ViewController.swift in Sources */,
				19BA2ED22073EB5900738D6F /* AppDelegate.swift in Sources */,
			);
			runOnlyForDeploymentPostprocessing = 0;
		};
/* End PBXSourcesBuildPhase section */

/* Begin PBXVariantGroup section */
		19BA2ED52073EB5900738D6F /* Main.storyboard */ = {
			isa = PBXVariantGroup;
			children = (
				19BA2ED62073EB5900738D6F /* Base */,
			);
			name = Main.storyboard;
			sourceTree = "<group>";
		};
		19BA2EDA2073EB5C00738D6F /* LaunchScreen.storyboard */ = {
			isa = PBXVariantGroup;
			children = (
				19BA2EDB2073EB5C00738D6F /* Base */,
			);
			name = LaunchScreen.storyboard;
			sourceTree = "<group>";
		};
/* End PBXVariantGroup section */

/* Begin XCBuildConfiguration section */
		19BA2EDE2073EB5C00738D6F /* Debug */ = {
			isa = XCBuildConfiguration;
			buildSettings = {
				ALWAYS_SEARCH_USER_PATHS = NO;
				CLANG_ANALYZER_NONNULL = YES;
				CLANG_ANALYZER_NUMBER_OBJECT_CONVERSION = YES_AGGRESSIVE;
				CLANG_CXX_LANGUAGE_STANDARD = "gnu++14";
				CLANG_CXX_LIBRARY = "libc++";
				CLANG_ENABLE_MODULES = YES;
				CLANG_ENABLE_OBJC_ARC = YES;
				CLANG_ENABLE_OBJC_WEAK = YES;
				CLANG_WARN_BLOCK_CAPTURE_AUTORELEASING = YES;
				CLANG_WARN_BOOL_CONVERSION = YES;
				CLANG_WARN_COMMA = YES;
				CLANG_WARN_CONSTANT_CONVERSION = YES;
				CLANG_WARN_DEPRECATED_OBJC_IMPLEMENTATIONS = YES;
				CLANG_WARN_DIRECT_OBJC_ISA_USAGE = YES_ERROR;
				CLANG_WARN_DOCUMENTATION_COMMENTS = YES;
				CLANG_WARN_EMPTY_BODY = YES;
				CLANG_WARN_ENUM_CONVERSION = YES;
				CLANG_WARN_INFINITE_RECURSION = YES;
				CLANG_WARN_INT_CONVERSION = YES;
				CLANG_WARN_NON_LITERAL_NULL_CONVERSION = YES;
				CLANG_WARN_OBJC_IMPLICIT_RETAIN_SELF = YES;
				CLANG_WARN_OBJC_LITERAL_CONVERSION = YES;
				CLANG_WARN_OBJC_ROOT_CLASS = YES_ERROR;
				CLANG_WARN_RANGE_LOOP_ANALYSIS = YES;
				CLANG_WARN_STRICT_PROTOTYPES = YES;
				CLANG_WARN_SUSPICIOUS_MOVE = YES;
				CLANG_WARN_UNGUARDED_AVAILABILITY = YES_AGGRESSIVE;
				CLANG_WARN_UNREACHABLE_CODE = YES;
				CLANG_WARN__DUPLICATE_METHOD_MATCH = YES;
				CODE_SIGN_IDENTITY = "iPhone Developer";
				COPY_PHASE_STRIP = NO;
				DEBUG_INFORMATION_FORMAT = dwarf;
				ENABLE_STRICT_OBJC_MSGSEND = YES;
				ENABLE_TESTABILITY = YES;
				GCC_C_LANGUAGE_STANDARD = gnu11;
				GCC_DYNAMIC_NO_PIC = NO;
				GCC_NO_COMMON_BLOCKS = YES;
				GCC_OPTIMIZATION_LEVEL = 0;
				GCC_PREPROCESSOR_DEFINITIONS = (
					"DEBUG=1",
					"$(inherited)",
				);
				GCC_WARN_64_TO_32_BIT_CONVERSION = YES;
				GCC_WARN_ABOUT_RETURN_TYPE = YES_ERROR;
				GCC_WARN_UNDECLARED_SELECTOR = YES;
				GCC_WARN_UNINITIALIZED_AUTOS = YES_AGGRESSIVE;
				GCC_WARN_UNUSED_FUNCTION = YES;
				GCC_WARN_UNUSED_VARIABLE = YES;
				IPHONEOS_DEPLOYMENT_TARGET = 11.3;
				MTL_ENABLE_DEBUG_INFO = YES;
				ONLY_ACTIVE_ARCH = YES;
				SDKROOT = iphoneos;
				SWIFT_ACTIVE_COMPILATION_CONDITIONS = DEBUG;
				SWIFT_OPTIMIZATION_LEVEL = "-Onone";
			};
			name = Debug;
		};
		19BA2EDF2073EB5C00738D6F /* Release */ = {
			isa = XCBuildConfiguration;
			buildSettings = {
				ALWAYS_SEARCH_USER_PATHS = NO;
				CLANG_ANALYZER_NONNULL = YES;
				CLANG_ANALYZER_NUMBER_OBJECT_CONVERSION = YES_AGGRESSIVE;
				CLANG_CXX_LANGUAGE_STANDARD = "gnu++14";
				CLANG_CXX_LIBRARY = "libc++";
				CLANG_ENABLE_MODULES = YES;
				CLANG_ENABLE_OBJC_ARC = YES;
				CLANG_ENABLE_OBJC_WEAK = YES;
				CLANG_WARN_BLOCK_CAPTURE_AUTORELEASING = YES;
				CLANG_WARN_BOOL_CONVERSION = YES;
				CLANG_WARN_COMMA = YES;
				CLANG_WARN_CONSTANT_CONVERSION = YES;
				CLANG_WARN_DEPRECATED_OBJC_IMPLEMENTATIONS = YES;
				CLANG_WARN_DIRECT_OBJC_ISA_USAGE = YES_ERROR;
				CLANG_WARN_DOCUMENTATION_COMMENTS = YES;
				CLANG_WARN_EMPTY_BODY = YES;
				CLANG_WARN_ENUM_CONVERSION = YES;
				CLANG_WARN_INFINITE_RECURSION = YES;
				CLANG_WARN_INT_CONVERSION = YES;
				CLANG_WARN_NON_LITERAL_NULL_CONVERSION = YES;
				CLANG_WARN_OBJC_IMPLICIT_RETAIN_SELF = YES;
				CLANG_WARN_OBJC_LITERAL_CONVERSION = YES;
				CLANG_WARN_OBJC_ROOT_CLASS = YES_ERROR;
				CLANG_WARN_RANGE_LOOP_ANALYSIS = YES;
				CLANG_WARN_STRICT_PROTOTYPES = YES;
				CLANG_WARN_SUSPICIOUS_MOVE = YES;
				CLANG_WARN_UNGUARDED_AVAILABILITY = YES_AGGRESSIVE;
				CLANG_WARN_UNREACHABLE_CODE = YES;
				CLANG_WARN__DUPLICATE_METHOD_MATCH = YES;
				CODE_SIGN_IDENTITY = "iPhone Developer";
				COPY_PHASE_STRIP = NO;
				DEBUG_INFORMATION_FORMAT = "dwarf-with-dsym";
				ENABLE_NS_ASSERTIONS = NO;
				ENABLE_STRICT_OBJC_MSGSEND = YES;
				GCC_C_LANGUAGE_STANDARD = gnu11;
				GCC_NO_COMMON_BLOCKS = YES;
				GCC_WARN_64_TO_32_BIT_CONVERSION = YES;
				GCC_WARN_ABOUT_RETURN_TYPE = YES_ERROR;
				GCC_WARN_UNDECLARED_SELECTOR = YES;
				GCC_WARN_UNINITIALIZED_AUTOS = YES_AGGRESSIVE;
				GCC_WARN_UNUSED_FUNCTION = YES;
				GCC_WARN_UNUSED_VARIABLE = YES;
				IPHONEOS_DEPLOYMENT_TARGET = 11.3;
				MTL_ENABLE_DEBUG_INFO = NO;
				SDKROOT = iphoneos;
				SWIFT_COMPILATION_MODE = wholemodule;
				SWIFT_OPTIMIZATION_LEVEL = "-O";
				VALIDATE_PRODUCT = YES;
			};
			name = Release;
		};
		19BA2EE12073EB5C00738D6F /* Debug */ = {
			isa = XCBuildConfiguration;
			buildSettings = {
				ASSETCATALOG_COMPILER_APPICON_NAME = AppIcon;
				CODE_SIGN_STYLE = Automatic;
				DEVELOPMENT_TEAM = X4USQ3CZ9A;
				INFOPLIST_FILE = "test-stub-tableviewdynamic-inxib/Info.plist";
				LD_RUNPATH_SEARCH_PATHS = (
					"$(inherited)",
					"@executable_path/Frameworks",
				);
				PRODUCT_BUNDLE_IDENTIFIER = "co.example.test-stub-tableviewdynamic-inxib";
				PRODUCT_NAME = "$(TARGET_NAME)";
				SWIFT_VERSION = 4.0;
				TARGETED_DEVICE_FAMILY = "1,2";
			};
			name = Debug;
		};
		19BA2EE22073EB5C00738D6F /* Release */ = {
			isa = XCBuildConfiguration;
			buildSettings = {
				ASSETCATALOG_COMPILER_APPICON_NAME = AppIcon;
				CODE_SIGN_STYLE = Automatic;
				DEVELOPMENT_TEAM = X4USQ3CZ9A;
				INFOPLIST_FILE = "test-stub-tableviewdynamic-inxib/Info.plist";
				LD_RUNPATH_SEARCH_PATHS = (
					"$(inherited)",
					"@executable_path/Frameworks",
				);
				PRODUCT_BUNDLE_IDENTIFIER = "co.example.test-stub-tableviewdynamic-inxib";
				PRODUCT_NAME = "$(TARGET_NAME)";
				SWIFT_VERSION = 4.0;
				TARGETED_DEVICE_FAMILY = "1,2";
			};
			name = Release;
		};
/* End XCBuildConfiguration section */

/* Begin XCConfigurationList section */
		19BA2EC92073EB5900738D6F /* Build configuration list for PBXProject "test-stub-tableviewdynamic-inxib" */ = {
			isa = XCConfigurationList;
			buildConfigurations = (
				19BA2EDE2073EB5C00738D6F /* Debug */,
				19BA2EDF2073EB5C00738D6F /* Release */,
			);
			defaultConfigurationIsVisible = 0;
			defaultConfigurationName = Release;
		};
		19BA2EE02073EB5C00738D6F /* Build configuration list for PBXNativeTarget "test-stub-tableviewdynamic-inxib" */ = {
			isa = XCConfigurationList;
			buildConfigurations = (
				19BA2EE12073EB5C00738D6F /* Debug */,
				19BA2EE22073EB5C00738D6F /* Release */,
			);
			defaultConfigurationIsVisible = 0;
			defaultConfigurationName = Release;
		};
/* End XCConfigurationList section */
	};
	rootObject = 19BA2EC62073EB5900738D6F /* Project object */;
}
